
Microsoft Visual Studio Solution File, Format Version 12.00
# Visual Studio Version 17
VisualStudioVersion = 17.0.31919.166
MinimumVisualStudioVersion = 10.0.40219.1
Project("{FAE04EC0-301F-11D3-BF4B-00C04F79EFBC}") = "desafio_04", "desafio_04.csproj", "{39831187-8C52-4EF6-9C36-8DF60E375A0B}"
EndProject
Global
	GlobalSection(SolutionConfigurationPlatforms) = preSolution
		Debug|Any CPU = Debug|Any CPU
		Release|Any CPU = Release|Any CPU
	EndGlobalSection
	GlobalSection(ProjectConfigurationPlatforms) = postSolution
		{39831187-8C52-4EF6-9C36-8DF60E375A0B}.Debug|Any CPU.ActiveCfg = Debug|Any CPU
		{39831187-8C52-4EF6-9C36-8DF60E375A0B}.Debug|Any CPU.Build.0 = Debug|Any CPU
		{39831187-8C52-4EF6-9C36-8DF60E375A0B}.Release|Any CPU.ActiveCfg = Release|Any CPU
		{39831187-8C52-4EF6-9C36-8DF60E375A0B}.Release|Any CPU.Build.0 = Release|Any CPU
	EndGlobalSection
	GlobalSection(SolutionProperties) = preSolution
		HideSolutionNode = FALSE
	EndGlobalSection
	GlobalSection(ExtensibilityGlobals) = postSolution
		SolutionGuid = {06C23A3F-DC24-49BA-99A2-BA40A263F83E}
	EndGlobalSection
EndGlobal
